// !$*UTF8*$!
{
	archiveVersion = 1;
	classes = {
	};
	objectVersion = 55;
	objects = {

/* Begin PBXBuildFile section */
		125D911027C6F117005D99D1 /* FadeInAlarm_v2_App.swift in Sources */ = {isa = PBXBuildFile; fileRef = 125D910F27C6F117005D99D1 /* FadeInAlarm_v2_App.swift */; };
		125D911227C6F117005D99D1 /* ContentView.swift in Sources */ = {isa = PBXBuildFile; fileRef = 125D911127C6F117005D99D1 /* ContentView.swift */; };
		125D911427C6F118005D99D1 /* Assets.xcassets in Resources */ = {isa = PBXBuildFile; fileRef = 125D911327C6F118005D99D1 /* Assets.xcassets */; };
		125D911727C6F118005D99D1 /* Preview Assets.xcassets in Resources */ = {isa = PBXBuildFile; fileRef = 125D911627C6F118005D99D1 /* Preview Assets.xcassets */; };
		125D912327C6F18F005D99D1 /* 🔔.swift in Sources */ = {isa = PBXBuildFile; fileRef = 125D911D27C6F18F005D99D1 /* 🔔.swift */; };
		125D912427C6F18F005D99D1 /* 🎵AlarmPlayer.swift in Sources */ = {isa = PBXBuildFile; fileRef = 125D911E27C6F18F005D99D1 /* 🎵AlarmPlayer.swift */; };
		125D912527C6F18F005D99D1 /* 📁ImportFile.swift in Sources */ = {isa = PBXBuildFile; fileRef = 125D911F27C6F18F005D99D1 /* 📁ImportFile.swift */; };
		125D912627C6F18F005D99D1 /* 🔊SystemVolume.swift in Sources */ = {isa = PBXBuildFile; fileRef = 125D912027C6F18F005D99D1 /* 🔊SystemVolume.swift */; };
		125D912727C6F18F005D99D1 /* 🔛Phase.swift in Sources */ = {isa = PBXBuildFile; fileRef = 125D912127C6F18F005D99D1 /* 🔛Phase.swift */; };
		125D912827C6F18F005D99D1 /* 🔘Button.swift in Sources */ = {isa = PBXBuildFile; fileRef = 125D912227C6F18F005D99D1 /* 🔘Button.swift */; };
/* End PBXBuildFile section */

/* Begin PBXFileReference section */
		125D910C27C6F117005D99D1 /* FadeInAlarm.app */ = {isa = PBXFileReference; explicitFileType = wrapper.application; includeInIndex = 0; path = FadeInAlarm.app; sourceTree = BUILT_PRODUCTS_DIR; };
		125D910F27C6F117005D99D1 /* FadeInAlarm_v2_App.swift */ = {isa = PBXFileReference; lastKnownFileType = sourcecode.swift; path = FadeInAlarm_v2_App.swift; sourceTree = "<group>"; };
		125D911127C6F117005D99D1 /* ContentView.swift */ = {isa = PBXFileReference; lastKnownFileType = sourcecode.swift; path = ContentView.swift; sourceTree = "<group>"; };
		125D911327C6F118005D99D1 /* Assets.xcassets */ = {isa = PBXFileReference; lastKnownFileType = folder.assetcatalog; path = Assets.xcassets; sourceTree = "<group>"; };
		125D911627C6F118005D99D1 /* Preview Assets.xcassets */ = {isa = PBXFileReference; lastKnownFileType = folder.assetcatalog; path = "Preview Assets.xcassets"; sourceTree = "<group>"; };
		125D911D27C6F18F005D99D1 /* 🔔.swift */ = {isa = PBXFileReference; fileEncoding = 4; lastKnownFileType = sourcecode.swift; path = "🔔.swift"; sourceTree = "<group>"; };
		125D911E27C6F18F005D99D1 /* 🎵AlarmPlayer.swift */ = {isa = PBXFileReference; fileEncoding = 4; lastKnownFileType = sourcecode.swift; path = "🎵AlarmPlayer.swift"; sourceTree = "<group>"; };
		125D911F27C6F18F005D99D1 /* 📁ImportFile.swift */ = {isa = PBXFileReference; fileEncoding = 4; lastKnownFileType = sourcecode.swift; path = "📁ImportFile.swift"; sourceTree = "<group>"; };
		125D912027C6F18F005D99D1 /* 🔊SystemVolume.swift */ = {isa = PBXFileReference; fileEncoding = 4; lastKnownFileType = sourcecode.swift; path = "🔊SystemVolume.swift"; sourceTree = "<group>"; };
		125D912127C6F18F005D99D1 /* 🔛Phase.swift */ = {isa = PBXFileReference; fileEncoding = 4; lastKnownFileType = sourcecode.swift; path = "🔛Phase.swift"; sourceTree = "<group>"; };
		125D912227C6F18F005D99D1 /* 🔘Button.swift */ = {isa = PBXFileReference; fileEncoding = 4; lastKnownFileType = sourcecode.swift; path = "🔘Button.swift"; sourceTree = "<group>"; };
		125D912927C6F2DE005D99D1 /* FadeInAlarm-v2--Info.plist */ = {isa = PBXFileReference; lastKnownFileType = text.plist; path = "FadeInAlarm-v2--Info.plist"; sourceTree = SOURCE_ROOT; };
/* End PBXFileReference section */

/* Begin PBXFrameworksBuildPhase section */
		125D910927C6F117005D99D1 /* Frameworks */ = {
			isa = PBXFrameworksBuildPhase;
			buildActionMask = 2147483647;
			files = (
			);
			runOnlyForDeploymentPostprocessing = 0;
		};
/* End PBXFrameworksBuildPhase section */

/* Begin PBXGroup section */
		125D910327C6F117005D99D1 = {
			isa = PBXGroup;
			children = (
				125D910E27C6F117005D99D1 /* FadeInAlarm_v2_ */,
				125D910D27C6F117005D99D1 /* Products */,
			);
			sourceTree = "<group>";
		};
		125D910D27C6F117005D99D1 /* Products */ = {
			isa = PBXGroup;
			children = (
				125D910C27C6F117005D99D1 /* FadeInAlarm.app */,
			);
			name = Products;
			sourceTree = "<group>";
		};
		125D910E27C6F117005D99D1 /* FadeInAlarm_v2_ */ = {
			isa = PBXGroup;
			children = (
				125D912927C6F2DE005D99D1 /* FadeInAlarm-v2--Info.plist */,
				125D910F27C6F117005D99D1 /* FadeInAlarm_v2_App.swift */,
				125D911127C6F117005D99D1 /* ContentView.swift */,
				125D911E27C6F18F005D99D1 /* 🎵AlarmPlayer.swift */,
				125D911F27C6F18F005D99D1 /* 📁ImportFile.swift */,
				125D912027C6F18F005D99D1 /* 🔊SystemVolume.swift */,
				125D911D27C6F18F005D99D1 /* 🔔.swift */,
				125D912227C6F18F005D99D1 /* 🔘Button.swift */,
				125D912127C6F18F005D99D1 /* 🔛Phase.swift */,
				125D911327C6F118005D99D1 /* Assets.xcassets */,
				125D911527C6F118005D99D1 /* Preview Content */,
			);
			path = FadeInAlarm_v2_;
			sourceTree = "<group>";
		};
		125D911527C6F118005D99D1 /* Preview Content */ = {
			isa = PBXGroup;
			children = (
				125D911627C6F118005D99D1 /* Preview Assets.xcassets */,
			);
			path = "Preview Content";
			sourceTree = "<group>";
		};
/* End PBXGroup section */

/* Begin PBXNativeTarget section */
		125D910B27C6F117005D99D1 /* FadeInAlarm_v2_ */ = {
			isa = PBXNativeTarget;
			buildConfigurationList = 125D911A27C6F118005D99D1 /* Build configuration list for PBXNativeTarget "FadeInAlarm_v2_" */;
			buildPhases = (
				125D910827C6F117005D99D1 /* Sources */,
				125D910927C6F117005D99D1 /* Frameworks */,
				125D910A27C6F117005D99D1 /* Resources */,
			);
			buildRules = (
			);
			dependencies = (
			);
			name = FadeInAlarm_v2_;
			productName = FadeInAlarm_v2_;
			productReference = 125D910C27C6F117005D99D1 /* FadeInAlarm.app */;
			productType = "com.apple.product-type.application";
		};
/* End PBXNativeTarget section */

/* Begin PBXProject section */
		125D910427C6F117005D99D1 /* Project object */ = {
			isa = PBXProject;
			attributes = {
				BuildIndependentTargetsInParallel = 1;
				LastSwiftUpdateCheck = 1320;
				LastUpgradeCheck = 1320;
				TargetAttributes = {
					125D910B27C6F117005D99D1 = {
						CreatedOnToolsVersion = 13.2.1;
					};
				};
			};
			buildConfigurationList = 125D910727C6F117005D99D1 /* Build configuration list for PBXProject "FadeInAlarm_v2_" */;
			compatibilityVersion = "Xcode 13.0";
			developmentRegion = en;
			hasScannedForEncodings = 0;
			knownRegions = (
				en,
				Base,
			);
			mainGroup = 125D910327C6F117005D99D1;
			productRefGroup = 125D910D27C6F117005D99D1 /* Products */;
			projectDirPath = "";
			projectRoot = "";
			targets = (
				125D910B27C6F117005D99D1 /* FadeInAlarm_v2_ */,
			);
		};
/* End PBXProject section */

/* Begin PBXResourcesBuildPhase section */
		125D910A27C6F117005D99D1 /* Resources */ = {
			isa = PBXResourcesBuildPhase;
			buildActionMask = 2147483647;
			files = (
				125D911727C6F118005D99D1 /* Preview Assets.xcassets in Resources */,
				125D911427C6F118005D99D1 /* Assets.xcassets in Resources */,
			);
			runOnlyForDeploymentPostprocessing = 0;
		};
/* End PBXResourcesBuildPhase section */

/* Begin PBXSourcesBuildPhase section */
		125D910827C6F117005D99D1 /* Sources */ = {
			isa = PBXSourcesBuildPhase;
			buildActionMask = 2147483647;
			files = (
				125D912327C6F18F005D99D1 /* 🔔.swift in Sources */,
				125D912427C6F18F005D99D1 /* 🎵AlarmPlayer.swift in Sources */,
				125D912827C6F18F005D99D1 /* 🔘Button.swift in Sources */,
				125D911227C6F117005D99D1 /* ContentView.swift in Sources */,
				125D911027C6F117005D99D1 /* FadeInAlarm_v2_App.swift in Sources */,
				125D912527C6F18F005D99D1 /* 📁ImportFile.swift in Sources */,
				125D912727C6F18F005D99D1 /* 🔛Phase.swift in Sources */,
				125D912627C6F18F005D99D1 /* 🔊SystemVolume.swift in Sources */,
			);
			runOnlyForDeploymentPostprocessing = 0;
		};
/* End PBXSourcesBuildPhase section */

/* Begin XCBuildConfiguration section */
		125D911827C6F118005D99D1 /* Debug */ = {
			isa = XCBuildConfiguration;
			buildSettings = {
				ALWAYS_SEARCH_USER_PATHS = NO;
				CLANG_ANALYZER_NONNULL = YES;
				CLANG_ANALYZER_NUMBER_OBJECT_CONVERSION = YES_AGGRESSIVE;
				CLANG_CXX_LANGUAGE_STANDARD = "gnu++17";
				CLANG_CXX_LIBRARY = "libc++";
				CLANG_ENABLE_MODULES = YES;
				CLANG_ENABLE_OBJC_ARC = YES;
				CLANG_ENABLE_OBJC_WEAK = YES;
				CLANG_WARN_BLOCK_CAPTURE_AUTORELEASING = YES;
				CLANG_WARN_BOOL_CONVERSION = YES;
				CLANG_WARN_COMMA = YES;
				CLANG_WARN_CONSTANT_CONVERSION = YES;
				CLANG_WARN_DEPRECATED_OBJC_IMPLEMENTATIONS = YES;
				CLANG_WARN_DIRECT_OBJC_ISA_USAGE = YES_ERROR;
				CLANG_WARN_DOCUMENTATION_COMMENTS = YES;
				CLANG_WARN_EMPTY_BODY = YES;
				CLANG_WARN_ENUM_CONVERSION = YES;
				CLANG_WARN_INFINITE_RECURSION = YES;
				CLANG_WARN_INT_CONVERSION = YES;
				CLANG_WARN_NON_LITERAL_NULL_CONVERSION = YES;
				CLANG_WARN_OBJC_IMPLICIT_RETAIN_SELF = YES;
				CLANG_WARN_OBJC_LITERAL_CONVERSION = YES;
				CLANG_WARN_OBJC_ROOT_CLASS = YES_ERROR;
				CLANG_WARN_QUOTED_INCLUDE_IN_FRAMEWORK_HEADER = YES;
				CLANG_WARN_RANGE_LOOP_ANALYSIS = YES;
				CLANG_WARN_STRICT_PROTOTYPES = YES;
				CLANG_WARN_SUSPICIOUS_MOVE = YES;
				CLANG_WARN_UNGUARDED_AVAILABILITY = YES_AGGRESSIVE;
				CLANG_WARN_UNREACHABLE_CODE = YES;
				CLANG_WARN__DUPLICATE_METHOD_MATCH = YES;
				COPY_PHASE_STRIP = NO;
				DEBUG_INFORMATION_FORMAT = dwarf;
				ENABLE_STRICT_OBJC_MSGSEND = YES;
				ENABLE_TESTABILITY = YES;
				GCC_C_LANGUAGE_STANDARD = gnu11;
				GCC_DYNAMIC_NO_PIC = NO;
				GCC_NO_COMMON_BLOCKS = YES;
				GCC_OPTIMIZATION_LEVEL = 0;
				GCC_PREPROCESSOR_DEFINITIONS = (
					"DEBUG=1",
					"$(inherited)",
				);
				GCC_WARN_64_TO_32_BIT_CONVERSION = YES;
				GCC_WARN_ABOUT_RETURN_TYPE = YES_ERROR;
				GCC_WARN_UNDECLARED_SELECTOR = YES;
				GCC_WARN_UNINITIALIZED_AUTOS = YES_AGGRESSIVE;
				GCC_WARN_UNUSED_FUNCTION = YES;
				GCC_WARN_UNUSED_VARIABLE = YES;
				IPHONEOS_DEPLOYMENT_TARGET = 15.2;
				MTL_ENABLE_DEBUG_INFO = INCLUDE_SOURCE;
				MTL_FAST_MATH = YES;
				ONLY_ACTIVE_ARCH = YES;
				SDKROOT = iphoneos;
				SWIFT_ACTIVE_COMPILATION_CONDITIONS = DEBUG;
				SWIFT_OPTIMIZATION_LEVEL = "-Onone";
			};
			name = Debug;
		};
		125D911927C6F118005D99D1 /* Release */ = {
			isa = XCBuildConfiguration;
			buildSettings = {
				ALWAYS_SEARCH_USER_PATHS = NO;
				CLANG_ANALYZER_NONNULL = YES;
				CLANG_ANALYZER_NUMBER_OBJECT_CONVERSION = YES_AGGRESSIVE;
				CLANG_CXX_LANGUAGE_STANDARD = "gnu++17";
				CLANG_CXX_LIBRARY = "libc++";
				CLANG_ENABLE_MODULES = YES;
				CLANG_ENABLE_OBJC_ARC = YES;
				CLANG_ENABLE_OBJC_WEAK = YES;
				CLANG_WARN_BLOCK_CAPTURE_AUTORELEASING = YES;
				CLANG_WARN_BOOL_CONVERSION = YES;
				CLANG_WARN_COMMA = YES;
				CLANG_WARN_CONSTANT_CONVERSION = YES;
				CLANG_WARN_DEPRECATED_OBJC_IMPLEMENTATIONS = YES;
				CLANG_WARN_DIRECT_OBJC_ISA_USAGE = YES_ERROR;
				CLANG_WARN_DOCUMENTATION_COMMENTS = YES;
				CLANG_WARN_EMPTY_BODY = YES;
				CLANG_WARN_ENUM_CONVERSION = YES;
				CLANG_WARN_INFINITE_RECURSION = YES;
				CLANG_WARN_INT_CONVERSION = YES;
				CLANG_WARN_NON_LITERAL_NULL_CONVERSION = YES;
				CLANG_WARN_OBJC_IMPLICIT_RETAIN_SELF = YES;
				CLANG_WARN_OBJC_LITERAL_CONVERSION = YES;
				CLANG_WARN_OBJC_ROOT_CLASS = YES_ERROR;
				CLANG_WARN_QUOTED_INCLUDE_IN_FRAMEWORK_HEADER = YES;
				CLANG_WARN_RANGE_LOOP_ANALYSIS = YES;
				CLANG_WARN_STRICT_PROTOTYPES = YES;
				CLANG_WARN_SUSPICIOUS_MOVE = YES;
				CLANG_WARN_UNGUARDED_AVAILABILITY = YES_AGGRESSIVE;
				CLANG_WARN_UNREACHABLE_CODE = YES;
				CLANG_WARN__DUPLICATE_METHOD_MATCH = YES;
				COPY_PHASE_STRIP = NO;
				DEBUG_INFORMATION_FORMAT = "dwarf-with-dsym";
				ENABLE_NS_ASSERTIONS = NO;
				ENABLE_STRICT_OBJC_MSGSEND = YES;
				GCC_C_LANGUAGE_STANDARD = gnu11;
				GCC_NO_COMMON_BLOCKS = YES;
				GCC_WARN_64_TO_32_BIT_CONVERSION = YES;
				GCC_WARN_ABOUT_RETURN_TYPE = YES_ERROR;
				GCC_WARN_UNDECLARED_SELECTOR = YES;
				GCC_WARN_UNINITIALIZED_AUTOS = YES_AGGRESSIVE;
				GCC_WARN_UNUSED_FUNCTION = YES;
				GCC_WARN_UNUSED_VARIABLE = YES;
				IPHONEOS_DEPLOYMENT_TARGET = 15.2;
				MTL_ENABLE_DEBUG_INFO = NO;
				MTL_FAST_MATH = YES;
				SDKROOT = iphoneos;
				SWIFT_COMPILATION_MODE = wholemodule;
				SWIFT_OPTIMIZATION_LEVEL = "-O";
				VALIDATE_PRODUCT = YES;
			};
			name = Release;
		};
		125D911B27C6F118005D99D1 /* Debug */ = {
			isa = XCBuildConfiguration;
			buildSettings = {
				ASSETCATALOG_COMPILER_APPICON_NAME = AppIcon;
				ASSETCATALOG_COMPILER_GLOBAL_ACCENT_COLOR_NAME = AccentColor;
				CODE_SIGN_STYLE = Automatic;
				CURRENT_PROJECT_VERSION = 2;
				DEVELOPMENT_ASSET_PATHS = "\"FadeInAlarm_v2_/Preview Content\"";
				DEVELOPMENT_TEAM = 6696GEY228;
				ENABLE_PREVIEWS = YES;
				GENERATE_INFOPLIST_FILE = YES;
				INFOPLIST_FILE = "FadeInAlarm-v2--Info.plist";
				INFOPLIST_KEY_UIApplicationSupportsIndirectInputEvents = YES;
				INFOPLIST_KEY_UILaunchScreen_Generation = YES;
				INFOPLIST_KEY_UISupportedInterfaceOrientations_iPad = "UIInterfaceOrientationPortrait UIInterfaceOrientationPortraitUpsideDown UIInterfaceOrientationLandscapeLeft UIInterfaceOrientationLandscapeRight";
				INFOPLIST_KEY_UISupportedInterfaceOrientations_iPhone = "UIInterfaceOrientationPortrait UIInterfaceOrientationLandscapeLeft UIInterfaceOrientationLandscapeRight";
				LD_RUNPATH_SEARCH_PATHS = (
					"$(inherited)",
					"@executable_path/Frameworks",
				);
				MARKETING_VERSION = 2.0;
				PRODUCT_BUNDLE_IDENTIFIER = "edu.self.FadeInAlarm-v2-";
				PRODUCT_NAME = FadeInAlarm;
				SWIFT_EMIT_LOC_STRINGS = YES;
				SWIFT_VERSION = 5.0;
				TARGETED_DEVICE_FAMILY = "1,2";
			};
			name = Debug;
		};
		125D911C27C6F118005D99D1 /* Release */ = {
			isa = XCBuildConfiguration;
			buildSettings = {
				ASSETCATALOG_COMPILER_APPICON_NAME = AppIcon;
				ASSETCATALOG_COMPILER_GLOBAL_ACCENT_COLOR_NAME = AccentColor;
				CODE_SIGN_STYLE = Automatic;
				CURRENT_PROJECT_VERSION = 2;
				DEVELOPMENT_ASSET_PATHS = "\"FadeInAlarm_v2_/Preview Content\"";
				DEVELOPMENT_TEAM = 6696GEY228;
				ENABLE_PREVIEWS = YES;
				GENERATE_INFOPLIST_FILE = YES;
				INFOPLIST_FILE = "FadeInAlarm-v2--Info.plist";
				INFOPLIST_KEY_UIApplicationSupportsIndirectInputEvents = YES;
				INFOPLIST_KEY_UILaunchScreen_Generation = YES;
				INFOPLIST_KEY_UISupportedInterfaceOrientations_iPad = "UIInterfaceOrientationPortrait UIInterfaceOrientationPortraitUpsideDown UIInterfaceOrientationLandscapeLeft UIInterfaceOrientationLandscapeRight";
				INFOPLIST_KEY_UISupportedInterfaceOrientations_iPhone = "UIInterfaceOrientationPortrait UIInterfaceOrientationLandscapeLeft UIInterfaceOrientationLandscapeRight";
				LD_RUNPATH_SEARCH_PATHS = (
					"$(inherited)",
					"@executable_path/Frameworks",
				);
				MARKETING_VERSION = 2.0;
				PRODUCT_BUNDLE_IDENTIFIER = "edu.self.FadeInAlarm-v2-";
				PRODUCT_NAME = FadeInAlarm;
				SWIFT_EMIT_LOC_STRINGS = YES;
				SWIFT_VERSION = 5.0;
				TARGETED_DEVICE_FAMILY = "1,2";
			};
			name = Release;
		};
/* End XCBuildConfiguration section */

/* Begin XCConfigurationList section */
		125D910727C6F117005D99D1 /* Build configuration list for PBXProject "FadeInAlarm_v2_" */ = {
			isa = XCConfigurationList;
			buildConfigurations = (
				125D911827C6F118005D99D1 /* Debug */,
				125D911927C6F118005D99D1 /* Release */,
			);
			defaultConfigurationIsVisible = 0;
			defaultConfigurationName = Release;
		};
		125D911A27C6F118005D99D1 /* Build configuration list for PBXNativeTarget "FadeInAlarm_v2_" */ = {
			isa = XCConfigurationList;
			buildConfigurations = (
				125D911B27C6F118005D99D1 /* Debug */,
				125D911C27C6F118005D99D1 /* Release */,
			);
			defaultConfigurationIsVisible = 0;
			defaultConfigurationName = Release;
		};
/* End XCConfigurationList section */
	};
	rootObject = 125D910427C6F117005D99D1 /* Project object */;
}
