// !$*UTF8*$!
{
	archiveVersion = 1;
	classes = {
	};
	objectVersion = 55;
	objects = {

/* Begin PBXBuildFile section */
		120F098128278D20001D8FAF /* 📓SourceCodeMenu.swift in Sources */ = {isa = PBXBuildFile; fileRef = 120F098028278D20001D8FAF /* 📓SourceCodeMenu.swift */; };
		120F098428278E43001D8FAF /* ContentView.swift in CopyFiles */ = {isa = PBXBuildFile; fileRef = 125D911127C6F117005D99D1 /* ContentView.swift */; };
		120F098528278E43001D8FAF /* 📱AppModel.swift in CopyFiles */ = {isa = PBXBuildFile; fileRef = 12A675E5281CCFFC00D24E15 /* 📱AppModel.swift */; };
		120F098628278E43001D8FAF /* 📻AlarmPlayer.swift in CopyFiles */ = {isa = PBXBuildFile; fileRef = 125D911E27C6F18F005D99D1 /* 📻AlarmPlayer.swift */; };
		120F098728278E67001D8FAF /* 🔘MainButton.swift in CopyFiles */ = {isa = PBXBuildFile; fileRef = 125D912227C6F18F005D99D1 /* 🔘MainButton.swift */; };
		120F098928278E9F001D8FAF /* 🔛Phase.swift in CopyFiles */ = {isa = PBXBuildFile; fileRef = 125D912127C6F18F005D99D1 /* 🔛Phase.swift */; };
		120F098B28278E9F001D8FAF /* 👆Picker.swift in CopyFiles */ = {isa = PBXBuildFile; fileRef = 124A43DA27E5B73C00DB1447 /* 👆Picker.swift */; };
		120F098C28278E9F001D8FAF /* 📁ImportFile.swift in CopyFiles */ = {isa = PBXBuildFile; fileRef = 125D911F27C6F18F005D99D1 /* 📁ImportFile.swift */; };
		120F098E28278EDB001D8FAF /* README.md in CopyFiles */ = {isa = PBXBuildFile; fileRef = 123D146A27C8671F00A3C1E0 /* README.md */; };
		120F099028278EDB001D8FAF /* 📄DocMenu.swift in CopyFiles */ = {isa = PBXBuildFile; fileRef = 12C948092826934B00F1EAAF /* 📄DocMenu.swift */; };
		120F099128278EDB001D8FAF /* 📓SourceCodeMenu.swift in CopyFiles */ = {isa = PBXBuildFile; fileRef = 120F098028278D20001D8FAF /* 📓SourceCodeMenu.swift */; };
		120F099228278EDB001D8FAF /* 🔔Icon.swift in CopyFiles */ = {isa = PBXBuildFile; fileRef = 125D911D27C6F18F005D99D1 /* 🔔Icon.swift */; };
		120F099328278EDB001D8FAF /* 🪧LocalVolumePercentage.swift in CopyFiles */ = {isa = PBXBuildFile; fileRef = 12A081912821027600C8040A /* 🪧LocalVolumePercentage.swift */; };
		120F099428278EDB001D8FAF /* 🔊SystemVolumeSlider.swift in CopyFiles */ = {isa = PBXBuildFile; fileRef = 125D912027C6F18F005D99D1 /* 🔊SystemVolumeSlider.swift */; };
		120F099528278EDB001D8FAF /* 🔔LocalVolumeNow.swift in CopyFiles */ = {isa = PBXBuildFile; fileRef = 12A675E9281D149C00D24E15 /* 🔔LocalVolumeNow.swift */; };
		120F099728278FD4001D8FAF /* FadeInAlarmApp.swift in CopyFiles */ = {isa = PBXBuildFile; fileRef = 125D910F27C6F117005D99D1 /* FadeInAlarmApp.swift */; };
		12428DC728485303006837F9 /* 📄DocButton.swift in Sources */ = {isa = PBXBuildFile; fileRef = 12428DC628485303006837F9 /* 📄DocButton.swift */; };
		12428DC8284853D7006837F9 /* 📄DocButton.swift in CopyFiles */ = {isa = PBXBuildFile; fileRef = 12428DC628485303006837F9 /* 📄DocButton.swift */; };
		124A43DB27E5B73C00DB1447 /* 👆Picker.swift in Sources */ = {isa = PBXBuildFile; fileRef = 124A43DA27E5B73C00DB1447 /* 👆Picker.swift */; };
		125D911027C6F117005D99D1 /* FadeInAlarmApp.swift in Sources */ = {isa = PBXBuildFile; fileRef = 125D910F27C6F117005D99D1 /* FadeInAlarmApp.swift */; };
		125D911227C6F117005D99D1 /* ContentView.swift in Sources */ = {isa = PBXBuildFile; fileRef = 125D911127C6F117005D99D1 /* ContentView.swift */; };
		125D911427C6F118005D99D1 /* Assets.xcassets in Resources */ = {isa = PBXBuildFile; fileRef = 125D911327C6F118005D99D1 /* Assets.xcassets */; };
		125D912327C6F18F005D99D1 /* 🔔Icon.swift in Sources */ = {isa = PBXBuildFile; fileRef = 125D911D27C6F18F005D99D1 /* 🔔Icon.swift */; };
		125D912427C6F18F005D99D1 /* 📻AlarmPlayer.swift in Sources */ = {isa = PBXBuildFile; fileRef = 125D911E27C6F18F005D99D1 /* 📻AlarmPlayer.swift */; };
		125D912527C6F18F005D99D1 /* 📁ImportFile.swift in Sources */ = {isa = PBXBuildFile; fileRef = 125D911F27C6F18F005D99D1 /* 📁ImportFile.swift */; };
		125D912627C6F18F005D99D1 /* 🔊SystemVolumeSlider.swift in Sources */ = {isa = PBXBuildFile; fileRef = 125D912027C6F18F005D99D1 /* 🔊SystemVolumeSlider.swift */; };
		125D912727C6F18F005D99D1 /* 🔛Phase.swift in Sources */ = {isa = PBXBuildFile; fileRef = 125D912127C6F18F005D99D1 /* 🔛Phase.swift */; };
		125D912827C6F18F005D99D1 /* 🔘MainButton.swift in Sources */ = {isa = PBXBuildFile; fileRef = 125D912227C6F18F005D99D1 /* 🔘MainButton.swift */; };
		12A081922821027600C8040A /* 🪧LocalVolumePercentage.swift in Sources */ = {isa = PBXBuildFile; fileRef = 12A081912821027600C8040A /* 🪧LocalVolumePercentage.swift */; };
		12A675E6281CCFFC00D24E15 /* 📱AppModel.swift in Sources */ = {isa = PBXBuildFile; fileRef = 12A675E5281CCFFC00D24E15 /* 📱AppModel.swift */; };
		12A675EA281D149C00D24E15 /* 🔔LocalVolumeNow.swift in Sources */ = {isa = PBXBuildFile; fileRef = 12A675E9281D149C00D24E15 /* 🔔LocalVolumeNow.swift */; };
		12C9480A2826934B00F1EAAF /* 📄DocMenu.swift in Sources */ = {isa = PBXBuildFile; fileRef = 12C948092826934B00F1EAAF /* 📄DocMenu.swift */; };
		F5E065072A12FB2700D83A7C /* Launch Screen.storyboard in Resources */ = {isa = PBXBuildFile; fileRef = F5E065062A12FB2700D83A7C /* Launch Screen.storyboard */; };
		F5E065152A12FBDB00D83A7C /* 🌏AppStoreDescription.strings in Resources */ = {isa = PBXBuildFile; fileRef = F5E065092A12FBDB00D83A7C /* 🌏AppStoreDescription.strings */; };
		F5E065162A12FBDB00D83A7C /* Localizable.strings in Resources */ = {isa = PBXBuildFile; fileRef = F5E0650B2A12FBDB00D83A7C /* Localizable.strings */; };
		F5E065172A12FBDB00D83A7C /* InfoPlist.strings in Resources */ = {isa = PBXBuildFile; fileRef = F5E0650D2A12FBDB00D83A7C /* InfoPlist.strings */; };
		F5E065182A12FBDB00D83A7C /* 🌏VersionDescription.strings in Resources */ = {isa = PBXBuildFile; fileRef = F5E0650F2A12FBDB00D83A7C /* 🌏VersionDescription.strings */; };
		F5E0651A2A1353B000D83A7C /* 💾FileManager.swift in Sources */ = {isa = PBXBuildFile; fileRef = F5E065192A1353B000D83A7C /* 💾FileManager.swift */; };
/* End PBXBuildFile section */

/* Begin PBXCopyFilesBuildPhase section */
		120F098228278E1D001D8FAF /* CopyFiles */ = {
			isa = PBXCopyFilesBuildPhase;
			buildActionMask = 2147483647;
			dstPath = "📁₁";
			dstSubfolderSpec = 7;
			files = (
				120F098728278E67001D8FAF /* 🔘MainButton.swift in CopyFiles */,
				120F098428278E43001D8FAF /* ContentView.swift in CopyFiles */,
				120F098528278E43001D8FAF /* 📱AppModel.swift in CopyFiles */,
				120F098628278E43001D8FAF /* 📻AlarmPlayer.swift in CopyFiles */,
			);
			runOnlyForDeploymentPostprocessing = 0;
		};
		120F098828278E77001D8FAF /* CopyFiles */ = {
			isa = PBXCopyFilesBuildPhase;
			buildActionMask = 2147483647;
			dstPath = "📁₂";
			dstSubfolderSpec = 7;
			files = (
				120F098928278E9F001D8FAF /* 🔛Phase.swift in CopyFiles */,
				120F098B28278E9F001D8FAF /* 👆Picker.swift in CopyFiles */,
				120F098C28278E9F001D8FAF /* 📁ImportFile.swift in CopyFiles */,
			);
			runOnlyForDeploymentPostprocessing = 0;
		};
		120F098D28278EB3001D8FAF /* CopyFiles */ = {
			isa = PBXCopyFilesBuildPhase;
			buildActionMask = 2147483647;
			dstPath = "📁₃";
			dstSubfolderSpec = 7;
			files = (
				12428DC8284853D7006837F9 /* 📄DocButton.swift in CopyFiles */,
				120F098E28278EDB001D8FAF /* README.md in CopyFiles */,
				120F099028278EDB001D8FAF /* 📄DocMenu.swift in CopyFiles */,
				120F099128278EDB001D8FAF /* 📓SourceCodeMenu.swift in CopyFiles */,
				120F099228278EDB001D8FAF /* 🔔Icon.swift in CopyFiles */,
				120F099328278EDB001D8FAF /* 🪧LocalVolumePercentage.swift in CopyFiles */,
				120F099428278EDB001D8FAF /* 🔊SystemVolumeSlider.swift in CopyFiles */,
				120F099528278EDB001D8FAF /* 🔔LocalVolumeNow.swift in CopyFiles */,
			);
			runOnlyForDeploymentPostprocessing = 0;
		};
		120F099628278FCE001D8FAF /* CopyFiles */ = {
			isa = PBXCopyFilesBuildPhase;
			buildActionMask = 2147483647;
			dstPath = "📁₀";
			dstSubfolderSpec = 7;
			files = (
				120F099728278FD4001D8FAF /* FadeInAlarmApp.swift in CopyFiles */,
			);
			runOnlyForDeploymentPostprocessing = 0;
		};
/* End PBXCopyFilesBuildPhase section */

/* Begin PBXFileReference section */
		120F098028278D20001D8FAF /* 📓SourceCodeMenu.swift */ = {isa = PBXFileReference; lastKnownFileType = sourcecode.swift; path = "📓SourceCodeMenu.swift"; sourceTree = "<group>"; };
		123D146A27C8671F00A3C1E0 /* README.md */ = {isa = PBXFileReference; lastKnownFileType = net.daringfireball.markdown; path = README.md; sourceTree = "<group>"; };
		12428DC628485303006837F9 /* 📄DocButton.swift */ = {isa = PBXFileReference; lastKnownFileType = sourcecode.swift; path = "📄DocButton.swift"; sourceTree = "<group>"; };
		124A43DA27E5B73C00DB1447 /* 👆Picker.swift */ = {isa = PBXFileReference; lastKnownFileType = sourcecode.swift; path = "👆Picker.swift"; sourceTree = "<group>"; };
		125D910C27C6F117005D99D1 /* FadeInAlarm.app */ = {isa = PBXFileReference; explicitFileType = wrapper.application; includeInIndex = 0; path = FadeInAlarm.app; sourceTree = BUILT_PRODUCTS_DIR; };
		125D910F27C6F117005D99D1 /* FadeInAlarmApp.swift */ = {isa = PBXFileReference; lastKnownFileType = sourcecode.swift; path = FadeInAlarmApp.swift; sourceTree = "<group>"; };
		125D911127C6F117005D99D1 /* ContentView.swift */ = {isa = PBXFileReference; lastKnownFileType = sourcecode.swift; path = ContentView.swift; sourceTree = "<group>"; };
		125D911327C6F118005D99D1 /* Assets.xcassets */ = {isa = PBXFileReference; lastKnownFileType = folder.assetcatalog; path = Assets.xcassets; sourceTree = "<group>"; };
		125D911D27C6F18F005D99D1 /* 🔔Icon.swift */ = {isa = PBXFileReference; fileEncoding = 4; lastKnownFileType = sourcecode.swift; path = "🔔Icon.swift"; sourceTree = "<group>"; };
		125D911E27C6F18F005D99D1 /* 📻AlarmPlayer.swift */ = {isa = PBXFileReference; fileEncoding = 4; lastKnownFileType = sourcecode.swift; path = "📻AlarmPlayer.swift"; sourceTree = "<group>"; };
		125D911F27C6F18F005D99D1 /* 📁ImportFile.swift */ = {isa = PBXFileReference; fileEncoding = 4; lastKnownFileType = sourcecode.swift; path = "📁ImportFile.swift"; sourceTree = "<group>"; };
		125D912027C6F18F005D99D1 /* 🔊SystemVolumeSlider.swift */ = {isa = PBXFileReference; fileEncoding = 4; lastKnownFileType = sourcecode.swift; path = "🔊SystemVolumeSlider.swift"; sourceTree = "<group>"; };
		125D912127C6F18F005D99D1 /* 🔛Phase.swift */ = {isa = PBXFileReference; fileEncoding = 4; lastKnownFileType = sourcecode.swift; path = "🔛Phase.swift"; sourceTree = "<group>"; };
		125D912227C6F18F005D99D1 /* 🔘MainButton.swift */ = {isa = PBXFileReference; fileEncoding = 4; lastKnownFileType = sourcecode.swift; path = "🔘MainButton.swift"; sourceTree = "<group>"; };
		125D912927C6F2DE005D99D1 /* Info.plist */ = {isa = PBXFileReference; lastKnownFileType = text.plist.xml; path = Info.plist; sourceTree = "<group>"; };
		12A081912821027600C8040A /* 🪧LocalVolumePercentage.swift */ = {isa = PBXFileReference; lastKnownFileType = sourcecode.swift; path = "🪧LocalVolumePercentage.swift"; sourceTree = "<group>"; };
		12A675E5281CCFFC00D24E15 /* 📱AppModel.swift */ = {isa = PBXFileReference; lastKnownFileType = sourcecode.swift; path = "📱AppModel.swift"; sourceTree = "<group>"; };
		12A675E9281D149C00D24E15 /* 🔔LocalVolumeNow.swift */ = {isa = PBXFileReference; lastKnownFileType = sourcecode.swift; path = "🔔LocalVolumeNow.swift"; sourceTree = "<group>"; };
		12C948092826934B00F1EAAF /* 📄DocMenu.swift */ = {isa = PBXFileReference; lastKnownFileType = sourcecode.swift; path = "📄DocMenu.swift"; sourceTree = "<group>"; };
		F5E065062A12FB2700D83A7C /* Launch Screen.storyboard */ = {isa = PBXFileReference; fileEncoding = 4; lastKnownFileType = file.storyboard; path = "Launch Screen.storyboard"; sourceTree = "<group>"; };
		F5E0650A2A12FBDB00D83A7C /* ja */ = {isa = PBXFileReference; lastKnownFileType = text.plist.strings; name = ja; path = "ja.lproj/🌏AppStoreDescription.strings"; sourceTree = "<group>"; };
		F5E0650C2A12FBDB00D83A7C /* ja */ = {isa = PBXFileReference; lastKnownFileType = text.plist.strings; name = ja; path = ja.lproj/Localizable.strings; sourceTree = "<group>"; };
		F5E0650E2A12FBDB00D83A7C /* ja */ = {isa = PBXFileReference; lastKnownFileType = text.plist.strings; name = ja; path = ja.lproj/InfoPlist.strings; sourceTree = "<group>"; };
		F5E065102A12FBDB00D83A7C /* ja */ = {isa = PBXFileReference; lastKnownFileType = text.plist.strings; name = ja; path = "ja.lproj/🌏VersionDescription.strings"; sourceTree = "<group>"; };
		F5E065112A12FBDB00D83A7C /* en */ = {isa = PBXFileReference; lastKnownFileType = text.plist.strings; name = en; path = "en.lproj/🌏AppStoreDescription.strings"; sourceTree = "<group>"; };
		F5E065122A12FBDB00D83A7C /* en */ = {isa = PBXFileReference; lastKnownFileType = text.plist.strings; name = en; path = en.lproj/Localizable.strings; sourceTree = "<group>"; };
		F5E065132A12FBDB00D83A7C /* en */ = {isa = PBXFileReference; lastKnownFileType = text.plist.strings; name = en; path = en.lproj/InfoPlist.strings; sourceTree = "<group>"; };
		F5E065142A12FBDB00D83A7C /* en */ = {isa = PBXFileReference; lastKnownFileType = text.plist.strings; name = en; path = "en.lproj/🌏VersionDescription.strings"; sourceTree = "<group>"; };
		F5E065192A1353B000D83A7C /* 💾FileManager.swift */ = {isa = PBXFileReference; lastKnownFileType = sourcecode.swift; path = "💾FileManager.swift"; sourceTree = "<group>"; };
/* End PBXFileReference section */

/* Begin PBXFrameworksBuildPhase section */
		125D910927C6F117005D99D1 /* Frameworks */ = {
			isa = PBXFrameworksBuildPhase;
			buildActionMask = 2147483647;
			files = (
			);
			runOnlyForDeploymentPostprocessing = 0;
		};
/* End PBXFrameworksBuildPhase section */

/* Begin PBXGroup section */
		12428DC52848523A006837F9 /* 📄DocumentView */ = {
			isa = PBXGroup;
			children = (
				12428DC628485303006837F9 /* 📄DocButton.swift */,
				12C948092826934B00F1EAAF /* 📄DocMenu.swift */,
				120F098028278D20001D8FAF /* 📓SourceCodeMenu.swift */,
			);
			path = "📄DocumentView";
			sourceTree = "<group>";
		};
		125D910327C6F117005D99D1 = {
			isa = PBXGroup;
			children = (
				123D146A27C8671F00A3C1E0 /* README.md */,
				125D910E27C6F117005D99D1 /* FadeInAlarm */,
				125D910D27C6F117005D99D1 /* Products */,
			);
			sourceTree = "<group>";
		};
		125D910D27C6F117005D99D1 /* Products */ = {
			isa = PBXGroup;
			children = (
				125D910C27C6F117005D99D1 /* FadeInAlarm.app */,
			);
			name = Products;
			sourceTree = "<group>";
		};
		125D910E27C6F117005D99D1 /* FadeInAlarm */ = {
			isa = PBXGroup;
			children = (
				125D910F27C6F117005D99D1 /* FadeInAlarmApp.swift */,
				125D911127C6F117005D99D1 /* ContentView.swift */,
				12A675E5281CCFFC00D24E15 /* 📱AppModel.swift */,
				125D911E27C6F18F005D99D1 /* 📻AlarmPlayer.swift */,
				125D912127C6F18F005D99D1 /* 🔛Phase.swift */,
				125D912227C6F18F005D99D1 /* 🔘MainButton.swift */,
				124A43DA27E5B73C00DB1447 /* 👆Picker.swift */,
				125D911F27C6F18F005D99D1 /* 📁ImportFile.swift */,
				125D911D27C6F18F005D99D1 /* 🔔Icon.swift */,
				12A081912821027600C8040A /* 🪧LocalVolumePercentage.swift */,
				125D912027C6F18F005D99D1 /* 🔊SystemVolumeSlider.swift */,
				12A675E9281D149C00D24E15 /* 🔔LocalVolumeNow.swift */,
				F5E065192A1353B000D83A7C /* 💾FileManager.swift */,
				12428DC52848523A006837F9 /* 📄DocumentView */,
				125D912927C6F2DE005D99D1 /* Info.plist */,
				F5E065062A12FB2700D83A7C /* Launch Screen.storyboard */,
				125D911327C6F118005D99D1 /* Assets.xcassets */,
				F5E065082A12FBDB00D83A7C /* 🌏Localization */,
			);
			path = FadeInAlarm;
			sourceTree = "<group>";
		};
		F5E065082A12FBDB00D83A7C /* 🌏Localization */ = {
			isa = PBXGroup;
			children = (
				F5E0650B2A12FBDB00D83A7C /* Localizable.strings */,
				F5E0650D2A12FBDB00D83A7C /* InfoPlist.strings */,
				F5E065092A12FBDB00D83A7C /* 🌏AppStoreDescription.strings */,
				F5E0650F2A12FBDB00D83A7C /* 🌏VersionDescription.strings */,
			);
			path = "🌏Localization";
			sourceTree = "<group>";
		};
/* End PBXGroup section */

/* Begin PBXNativeTarget section */
		125D910B27C6F117005D99D1 /* FadeInAlarm */ = {
			isa = PBXNativeTarget;
			buildConfigurationList = 125D911A27C6F118005D99D1 /* Build configuration list for PBXNativeTarget "FadeInAlarm" */;
			buildPhases = (
				125D910827C6F117005D99D1 /* Sources */,
				125D910927C6F117005D99D1 /* Frameworks */,
				125D910A27C6F117005D99D1 /* Resources */,
				120F099628278FCE001D8FAF /* CopyFiles */,
				120F098228278E1D001D8FAF /* CopyFiles */,
				120F098828278E77001D8FAF /* CopyFiles */,
				120F098D28278EB3001D8FAF /* CopyFiles */,
			);
			buildRules = (
			);
			dependencies = (
			);
			name = FadeInAlarm;
			productName = FadeInAlarm_v2_;
			productReference = 125D910C27C6F117005D99D1 /* FadeInAlarm.app */;
			productType = "com.apple.product-type.application";
		};
/* End PBXNativeTarget section */

/* Begin PBXProject section */
		125D910427C6F117005D99D1 /* Project object */ = {
			isa = PBXProject;
			attributes = {
				BuildIndependentTargetsInParallel = 1;
				LastSwiftUpdateCheck = 1320;
				LastUpgradeCheck = 1320;
				TargetAttributes = {
					125D910B27C6F117005D99D1 = {
						CreatedOnToolsVersion = 13.2.1;
					};
				};
			};
			buildConfigurationList = 125D910727C6F117005D99D1 /* Build configuration list for PBXProject "FadeInAlarm" */;
			compatibilityVersion = "Xcode 13.0";
			developmentRegion = en;
			hasScannedForEncodings = 0;
			knownRegions = (
				en,
				Base,
				ja,
			);
			mainGroup = 125D910327C6F117005D99D1;
			productRefGroup = 125D910D27C6F117005D99D1 /* Products */;
			projectDirPath = "";
			projectRoot = "";
			targets = (
				125D910B27C6F117005D99D1 /* FadeInAlarm */,
			);
		};
/* End PBXProject section */

/* Begin PBXResourcesBuildPhase section */
		125D910A27C6F117005D99D1 /* Resources */ = {
			isa = PBXResourcesBuildPhase;
			buildActionMask = 2147483647;
			files = (
				F5E065072A12FB2700D83A7C /* Launch Screen.storyboard in Resources */,
				F5E065162A12FBDB00D83A7C /* Localizable.strings in Resources */,
				125D911427C6F118005D99D1 /* Assets.xcassets in Resources */,
				F5E065182A12FBDB00D83A7C /* 🌏VersionDescription.strings in Resources */,
				F5E065152A12FBDB00D83A7C /* 🌏AppStoreDescription.strings in Resources */,
				F5E065172A12FBDB00D83A7C /* InfoPlist.strings in Resources */,
			);
			runOnlyForDeploymentPostprocessing = 0;
		};
/* End PBXResourcesBuildPhase section */

/* Begin PBXSourcesBuildPhase section */
		125D910827C6F117005D99D1 /* Sources */ = {
			isa = PBXSourcesBuildPhase;
			buildActionMask = 2147483647;
			files = (
				125D912327C6F18F005D99D1 /* 🔔Icon.swift in Sources */,
				125D912427C6F18F005D99D1 /* 📻AlarmPlayer.swift in Sources */,
				12428DC728485303006837F9 /* 📄DocButton.swift in Sources */,
				125D912827C6F18F005D99D1 /* 🔘MainButton.swift in Sources */,
				125D911227C6F117005D99D1 /* ContentView.swift in Sources */,
				125D911027C6F117005D99D1 /* FadeInAlarmApp.swift in Sources */,
				12A081922821027600C8040A /* 🪧LocalVolumePercentage.swift in Sources */,
				F5E0651A2A1353B000D83A7C /* 💾FileManager.swift in Sources */,
				125D912527C6F18F005D99D1 /* 📁ImportFile.swift in Sources */,
				120F098128278D20001D8FAF /* 📓SourceCodeMenu.swift in Sources */,
				125D912727C6F18F005D99D1 /* 🔛Phase.swift in Sources */,
				12A675EA281D149C00D24E15 /* 🔔LocalVolumeNow.swift in Sources */,
				124A43DB27E5B73C00DB1447 /* 👆Picker.swift in Sources */,
				12A675E6281CCFFC00D24E15 /* 📱AppModel.swift in Sources */,
				12C9480A2826934B00F1EAAF /* 📄DocMenu.swift in Sources */,
				125D912627C6F18F005D99D1 /* 🔊SystemVolumeSlider.swift in Sources */,
			);
			runOnlyForDeploymentPostprocessing = 0;
		};
/* End PBXSourcesBuildPhase section */

/* Begin PBXVariantGroup section */
		F5E065092A12FBDB00D83A7C /* 🌏AppStoreDescription.strings */ = {
			isa = PBXVariantGroup;
			children = (
				F5E0650A2A12FBDB00D83A7C /* ja */,
				F5E065112A12FBDB00D83A7C /* en */,
			);
			name = "🌏AppStoreDescription.strings";
			sourceTree = "<group>";
		};
		F5E0650B2A12FBDB00D83A7C /* Localizable.strings */ = {
			isa = PBXVariantGroup;
			children = (
				F5E0650C2A12FBDB00D83A7C /* ja */,
				F5E065122A12FBDB00D83A7C /* en */,
			);
			name = Localizable.strings;
			sourceTree = "<group>";
		};
		F5E0650D2A12FBDB00D83A7C /* InfoPlist.strings */ = {
			isa = PBXVariantGroup;
			children = (
				F5E0650E2A12FBDB00D83A7C /* ja */,
				F5E065132A12FBDB00D83A7C /* en */,
			);
			name = InfoPlist.strings;
			sourceTree = "<group>";
		};
		F5E0650F2A12FBDB00D83A7C /* 🌏VersionDescription.strings */ = {
			isa = PBXVariantGroup;
			children = (
				F5E065102A12FBDB00D83A7C /* ja */,
				F5E065142A12FBDB00D83A7C /* en */,
			);
			name = "🌏VersionDescription.strings";
			sourceTree = "<group>";
		};
/* End PBXVariantGroup section */

/* Begin XCBuildConfiguration section */
		125D911827C6F118005D99D1 /* Debug */ = {
			isa = XCBuildConfiguration;
			buildSettings = {
				ALWAYS_SEARCH_USER_PATHS = NO;
				CLANG_ANALYZER_NONNULL = YES;
				CLANG_ANALYZER_NUMBER_OBJECT_CONVERSION = YES_AGGRESSIVE;
				CLANG_CXX_LANGUAGE_STANDARD = "gnu++17";
				CLANG_CXX_LIBRARY = "libc++";
				CLANG_ENABLE_MODULES = YES;
				CLANG_ENABLE_OBJC_ARC = YES;
				CLANG_ENABLE_OBJC_WEAK = YES;
				CLANG_WARN_BLOCK_CAPTURE_AUTORELEASING = YES;
				CLANG_WARN_BOOL_CONVERSION = YES;
				CLANG_WARN_COMMA = YES;
				CLANG_WARN_CONSTANT_CONVERSION = YES;
				CLANG_WARN_DEPRECATED_OBJC_IMPLEMENTATIONS = YES;
				CLANG_WARN_DIRECT_OBJC_ISA_USAGE = YES_ERROR;
				CLANG_WARN_DOCUMENTATION_COMMENTS = YES;
				CLANG_WARN_EMPTY_BODY = YES;
				CLANG_WARN_ENUM_CONVERSION = YES;
				CLANG_WARN_INFINITE_RECURSION = YES;
				CLANG_WARN_INT_CONVERSION = YES;
				CLANG_WARN_NON_LITERAL_NULL_CONVERSION = YES;
				CLANG_WARN_OBJC_IMPLICIT_RETAIN_SELF = YES;
				CLANG_WARN_OBJC_LITERAL_CONVERSION = YES;
				CLANG_WARN_OBJC_ROOT_CLASS = YES_ERROR;
				CLANG_WARN_QUOTED_INCLUDE_IN_FRAMEWORK_HEADER = YES;
				CLANG_WARN_RANGE_LOOP_ANALYSIS = YES;
				CLANG_WARN_STRICT_PROTOTYPES = YES;
				CLANG_WARN_SUSPICIOUS_MOVE = YES;
				CLANG_WARN_UNGUARDED_AVAILABILITY = YES_AGGRESSIVE;
				CLANG_WARN_UNREACHABLE_CODE = YES;
				CLANG_WARN__DUPLICATE_METHOD_MATCH = YES;
				COPY_PHASE_STRIP = NO;
				DEBUG_INFORMATION_FORMAT = dwarf;
				ENABLE_STRICT_OBJC_MSGSEND = YES;
				ENABLE_TESTABILITY = YES;
				GCC_C_LANGUAGE_STANDARD = gnu11;
				GCC_DYNAMIC_NO_PIC = NO;
				GCC_NO_COMMON_BLOCKS = YES;
				GCC_OPTIMIZATION_LEVEL = 0;
				GCC_PREPROCESSOR_DEFINITIONS = (
					"DEBUG=1",
					"$(inherited)",
				);
				GCC_WARN_64_TO_32_BIT_CONVERSION = YES;
				GCC_WARN_ABOUT_RETURN_TYPE = YES_ERROR;
				GCC_WARN_UNDECLARED_SELECTOR = YES;
				GCC_WARN_UNINITIALIZED_AUTOS = YES_AGGRESSIVE;
				GCC_WARN_UNUSED_FUNCTION = YES;
				GCC_WARN_UNUSED_VARIABLE = YES;
				IPHONEOS_DEPLOYMENT_TARGET = 16.0;
				MTL_ENABLE_DEBUG_INFO = INCLUDE_SOURCE;
				MTL_FAST_MATH = YES;
				ONLY_ACTIVE_ARCH = YES;
				SDKROOT = iphoneos;
				SWIFT_ACTIVE_COMPILATION_CONDITIONS = DEBUG;
				SWIFT_OPTIMIZATION_LEVEL = "-Onone";
			};
			name = Debug;
		};
		125D911927C6F118005D99D1 /* Release */ = {
			isa = XCBuildConfiguration;
			buildSettings = {
				ALWAYS_SEARCH_USER_PATHS = NO;
				CLANG_ANALYZER_NONNULL = YES;
				CLANG_ANALYZER_NUMBER_OBJECT_CONVERSION = YES_AGGRESSIVE;
				CLANG_CXX_LANGUAGE_STANDARD = "gnu++17";
				CLANG_CXX_LIBRARY = "libc++";
				CLANG_ENABLE_MODULES = YES;
				CLANG_ENABLE_OBJC_ARC = YES;
				CLANG_ENABLE_OBJC_WEAK = YES;
				CLANG_WARN_BLOCK_CAPTURE_AUTORELEASING = YES;
				CLANG_WARN_BOOL_CONVERSION = YES;
				CLANG_WARN_COMMA = YES;
				CLANG_WARN_CONSTANT_CONVERSION = YES;
				CLANG_WARN_DEPRECATED_OBJC_IMPLEMENTATIONS = YES;
				CLANG_WARN_DIRECT_OBJC_ISA_USAGE = YES_ERROR;
				CLANG_WARN_DOCUMENTATION_COMMENTS = YES;
				CLANG_WARN_EMPTY_BODY = YES;
				CLANG_WARN_ENUM_CONVERSION = YES;
				CLANG_WARN_INFINITE_RECURSION = YES;
				CLANG_WARN_INT_CONVERSION = YES;
				CLANG_WARN_NON_LITERAL_NULL_CONVERSION = YES;
				CLANG_WARN_OBJC_IMPLICIT_RETAIN_SELF = YES;
				CLANG_WARN_OBJC_LITERAL_CONVERSION = YES;
				CLANG_WARN_OBJC_ROOT_CLASS = YES_ERROR;
				CLANG_WARN_QUOTED_INCLUDE_IN_FRAMEWORK_HEADER = YES;
				CLANG_WARN_RANGE_LOOP_ANALYSIS = YES;
				CLANG_WARN_STRICT_PROTOTYPES = YES;
				CLANG_WARN_SUSPICIOUS_MOVE = YES;
				CLANG_WARN_UNGUARDED_AVAILABILITY = YES_AGGRESSIVE;
				CLANG_WARN_UNREACHABLE_CODE = YES;
				CLANG_WARN__DUPLICATE_METHOD_MATCH = YES;
				COPY_PHASE_STRIP = NO;
				DEBUG_INFORMATION_FORMAT = "dwarf-with-dsym";
				ENABLE_NS_ASSERTIONS = NO;
				ENABLE_STRICT_OBJC_MSGSEND = YES;
				GCC_C_LANGUAGE_STANDARD = gnu11;
				GCC_NO_COMMON_BLOCKS = YES;
				GCC_WARN_64_TO_32_BIT_CONVERSION = YES;
				GCC_WARN_ABOUT_RETURN_TYPE = YES_ERROR;
				GCC_WARN_UNDECLARED_SELECTOR = YES;
				GCC_WARN_UNINITIALIZED_AUTOS = YES_AGGRESSIVE;
				GCC_WARN_UNUSED_FUNCTION = YES;
				GCC_WARN_UNUSED_VARIABLE = YES;
				IPHONEOS_DEPLOYMENT_TARGET = 16.0;
				MTL_ENABLE_DEBUG_INFO = NO;
				MTL_FAST_MATH = YES;
				SDKROOT = iphoneos;
				SWIFT_COMPILATION_MODE = wholemodule;
				SWIFT_OPTIMIZATION_LEVEL = "-O";
				VALIDATE_PRODUCT = YES;
			};
			name = Release;
		};
		125D911B27C6F118005D99D1 /* Debug */ = {
			isa = XCBuildConfiguration;
			buildSettings = {
				ASSETCATALOG_COMPILER_APPICON_NAME = AppIcon;
				ASSETCATALOG_COMPILER_GLOBAL_ACCENT_COLOR_NAME = AccentColor;
				CODE_SIGN_STYLE = Automatic;
				CURRENT_PROJECT_VERSION = 1;
				DEVELOPMENT_ASSET_PATHS = "";
				DEVELOPMENT_TEAM = 6696GEY228;
				ENABLE_PREVIEWS = YES;
				GENERATE_INFOPLIST_FILE = YES;
				INFOPLIST_FILE = FadeInAlarm/Info.plist;
				INFOPLIST_KEY_UILaunchStoryboardName = "Launch Screen.storyboard";
				INFOPLIST_KEY_UISupportedInterfaceOrientations_iPad = "UIInterfaceOrientationPortrait UIInterfaceOrientationPortraitUpsideDown UIInterfaceOrientationLandscapeLeft UIInterfaceOrientationLandscapeRight";
				INFOPLIST_KEY_UISupportedInterfaceOrientations_iPhone = "UIInterfaceOrientationPortrait UIInterfaceOrientationLandscapeLeft UIInterfaceOrientationLandscapeRight";
				IPHONEOS_DEPLOYMENT_TARGET = 16.0;
				LD_RUNPATH_SEARCH_PATHS = (
					"$(inherited)",
					"@executable_path/Frameworks",
				);
				MARKETING_VERSION = 2.1;
				PRODUCT_BUNDLE_IDENTIFIER = net.ryoyamashita.fadeinalarm;
				PRODUCT_NAME = FadeInAlarm;
				SWIFT_EMIT_LOC_STRINGS = YES;
				SWIFT_VERSION = 5.0;
				TARGETED_DEVICE_FAMILY = "1,2";
			};
			name = Debug;
		};
		125D911C27C6F118005D99D1 /* Release */ = {
			isa = XCBuildConfiguration;
			buildSettings = {
				ASSETCATALOG_COMPILER_APPICON_NAME = AppIcon;
				ASSETCATALOG_COMPILER_GLOBAL_ACCENT_COLOR_NAME = AccentColor;
				CODE_SIGN_STYLE = Automatic;
				CURRENT_PROJECT_VERSION = 1;
				DEVELOPMENT_ASSET_PATHS = "";
				DEVELOPMENT_TEAM = 6696GEY228;
				ENABLE_PREVIEWS = YES;
				GENERATE_INFOPLIST_FILE = YES;
				INFOPLIST_FILE = FadeInAlarm/Info.plist;
				INFOPLIST_KEY_UILaunchStoryboardName = "Launch Screen.storyboard";
				INFOPLIST_KEY_UISupportedInterfaceOrientations_iPad = "UIInterfaceOrientationPortrait UIInterfaceOrientationPortraitUpsideDown UIInterfaceOrientationLandscapeLeft UIInterfaceOrientationLandscapeRight";
				INFOPLIST_KEY_UISupportedInterfaceOrientations_iPhone = "UIInterfaceOrientationPortrait UIInterfaceOrientationLandscapeLeft UIInterfaceOrientationLandscapeRight";
				IPHONEOS_DEPLOYMENT_TARGET = 16.0;
				LD_RUNPATH_SEARCH_PATHS = (
					"$(inherited)",
					"@executable_path/Frameworks",
				);
				MARKETING_VERSION = 2.1;
				PRODUCT_BUNDLE_IDENTIFIER = net.ryoyamashita.fadeinalarm;
				PRODUCT_NAME = FadeInAlarm;
				SWIFT_EMIT_LOC_STRINGS = YES;
				SWIFT_VERSION = 5.0;
				TARGETED_DEVICE_FAMILY = "1,2";
			};
			name = Release;
		};
/* End XCBuildConfiguration section */

/* Begin XCConfigurationList section */
		125D910727C6F117005D99D1 /* Build configuration list for PBXProject "FadeInAlarm" */ = {
			isa = XCConfigurationList;
			buildConfigurations = (
				125D911827C6F118005D99D1 /* Debug */,
				125D911927C6F118005D99D1 /* Release */,
			);
			defaultConfigurationIsVisible = 0;
			defaultConfigurationName = Release;
		};
		125D911A27C6F118005D99D1 /* Build configuration list for PBXNativeTarget "FadeInAlarm" */ = {
			isa = XCConfigurationList;
			buildConfigurations = (
				125D911B27C6F118005D99D1 /* Debug */,
				125D911C27C6F118005D99D1 /* Release */,
			);
			defaultConfigurationIsVisible = 0;
			defaultConfigurationName = Release;
		};
/* End XCConfigurationList section */
	};
	rootObject = 125D910427C6F117005D99D1 /* Project object */;
}
